
Microsoft Visual Studio Solution File, Format Version 12.00
# Visual Studio Version 16
VisualStudioVersion = 16.0.30709.132
MinimumVisualStudioVersion = 10.0.40219.1
Project("{FAE04EC0-301F-11D3-BF4B-00C04F79EFBC}") = "NewsFeed", "NewsFeed.csproj", "{25CBB069-E332-426E-9994-44009FEA44EA}"
EndProject
Global
	GlobalSection(SolutionConfigurationPlatforms) = preSolution
		Debug|Any CPU = Debug|Any CPU
		Release|Any CPU = Release|Any CPU
	EndGlobalSection
	GlobalSection(ProjectConfigurationPlatforms) = postSolution
		{25CBB069-E332-426E-9994-44009FEA44EA}.Debug|Any CPU.ActiveCfg = Debug|Any CPU
		{25CBB069-E332-426E-9994-44009FEA44EA}.Debug|Any CPU.Build.0 = Debug|Any CPU
		{25CBB069-E332-426E-9994-44009FEA44EA}.Release|Any CPU.ActiveCfg = Release|Any CPU
		{25CBB069-E332-426E-9994-44009FEA44EA}.Release|Any CPU.Build.0 = Release|Any CPU
	EndGlobalSection
	GlobalSection(SolutionProperties) = preSolution
		HideSolutionNode = FALSE
	EndGlobalSection
	GlobalSection(ExtensibilityGlobals) = postSolution
		SolutionGuid = {37EDBAD7-50C7-4C58-8085-5AE1144019F9}
	EndGlobalSection
EndGlobal
